
Microsoft Visual Studio Solution File, Format Version 12.00
# Visual Studio 15
VisualStudioVersion = 15.0.27130.2010
MinimumVisualStudioVersion = 10.0.40219.1
Project("{2150E333-8FDC-42A3-9474-1A3956D46DE8}") = "src", "src", "{CCD7F356-58C1-4A5D-9694-D61EFB1998E1}"
EndProject
Project("{2150E333-8FDC-42A3-9474-1A3956D46DE8}") = "tests", "tests", "{6A74A06E-95AD-4282-B5CD-8F3981EB36FA}"
EndProject
Project("{FAE04EC0-301F-11D3-BF4B-00C04F79EFBC}") = "UnitTestNet45", "tests\UnitTestNet45\UnitTestNet45.csproj", "{5F2CAD27-1E74-479F-89CC-76189071EF38}"
EndProject
Project("{9A19103F-16F7-4668-BE54-9A1E7A4F7556}") = "ContextFreeTasks", "src\ContextFreeTasks\ContextFreeTasks.csproj", "{C418B8B6-E3EB-450D-824F-95864135193A}"
EndProject
Global
	GlobalSection(SolutionConfigurationPlatforms) = preSolution
		Debug|Any CPU = Debug|Any CPU
		Debug|x64 = Debug|x64
		Debug|x86 = Debug|x86
		Release|Any CPU = Release|Any CPU
		Release|x64 = Release|x64
		Release|x86 = Release|x86
	EndGlobalSection
	GlobalSection(ProjectConfigurationPlatforms) = postSolution
		{5F2CAD27-1E74-479F-89CC-76189071EF38}.Debug|Any CPU.ActiveCfg = Debug|Any CPU
		{5F2CAD27-1E74-479F-89CC-76189071EF38}.Debug|Any CPU.Build.0 = Debug|Any CPU
		{5F2CAD27-1E74-479F-89CC-76189071EF38}.Debug|x64.ActiveCfg = Debug|Any CPU
		{5F2CAD27-1E74-479F-89CC-76189071EF38}.Debug|x64.Build.0 = Debug|Any CPU
		{5F2CAD27-1E74-479F-89CC-76189071EF38}.Debug|x86.ActiveCfg = Debug|Any CPU
		{5F2CAD27-1E74-479F-89CC-76189071EF38}.Debug|x86.Build.0 = Debug|Any CPU
		{5F2CAD27-1E74-479F-89CC-76189071EF38}.Release|Any CPU.ActiveCfg = Release|Any CPU
		{5F2CAD27-1E74-479F-89CC-76189071EF38}.Release|Any CPU.Build.0 = Release|Any CPU
		{5F2CAD27-1E74-479F-89CC-76189071EF38}.Release|x64.ActiveCfg = Release|Any CPU
		{5F2CAD27-1E74-479F-89CC-76189071EF38}.Release|x64.Build.0 = Release|Any CPU
		{5F2CAD27-1E74-479F-89CC-76189071EF38}.Release|x86.ActiveCfg = Release|Any CPU
		{5F2CAD27-1E74-479F-89CC-76189071EF38}.Release|x86.Build.0 = Release|Any CPU
		{C418B8B6-E3EB-450D-824F-95864135193A}.Debug|Any CPU.ActiveCfg = Debug|Any CPU
		{C418B8B6-E3EB-450D-824F-95864135193A}.Debug|Any CPU.Build.0 = Debug|Any CPU
		{C418B8B6-E3EB-450D-824F-95864135193A}.Debug|x64.ActiveCfg = Debug|Any CPU
		{C418B8B6-E3EB-450D-824F-95864135193A}.Debug|x64.Build.0 = Debug|Any CPU
		{C418B8B6-E3EB-450D-824F-95864135193A}.Debug|x86.ActiveCfg = Debug|Any CPU
		{C418B8B6-E3EB-450D-824F-95864135193A}.Debug|x86.Build.0 = Debug|Any CPU
		{C418B8B6-E3EB-450D-824F-95864135193A}.Release|Any CPU.ActiveCfg = Release|Any CPU
		{C418B8B6-E3EB-450D-824F-95864135193A}.Release|Any CPU.Build.0 = Release|Any CPU
		{C418B8B6-E3EB-450D-824F-95864135193A}.Release|x64.ActiveCfg = Release|Any CPU
		{C418B8B6-E3EB-450D-824F-95864135193A}.Release|x64.Build.0 = Release|Any CPU
		{C418B8B6-E3EB-450D-824F-95864135193A}.Release|x86.ActiveCfg = Release|Any CPU
		{C418B8B6-E3EB-450D-824F-95864135193A}.Release|x86.Build.0 = Release|Any CPU
	EndGlobalSection
	GlobalSection(SolutionProperties) = preSolution
		HideSolutionNode = FALSE
	EndGlobalSection
	GlobalSection(NestedProjects) = preSolution
		{5F2CAD27-1E74-479F-89CC-76189071EF38} = {6A74A06E-95AD-4282-B5CD-8F3981EB36FA}
		{C418B8B6-E3EB-450D-824F-95864135193A} = {CCD7F356-58C1-4A5D-9694-D61EFB1998E1}
	EndGlobalSection
	GlobalSection(ExtensibilityGlobals) = postSolution
		SolutionGuid = {9F3F2857-8C64-4A5E-82D4-3D717F56EF04}
	EndGlobalSection
EndGlobal
